
Microsoft Visual Studio Solution File, Format Version 12.00
# Visual Studio Version 17
VisualStudioVersion = 17.14.36623.8
MinimumVisualStudioVersion = 10.0.40219.1
Project("{FAE04EC0-301F-11D3-BF4B-00C04F79EFBC}") = "BaleteGroveRES", "BaleteGroveRES.csproj", "{BF51DDAB-D771-4036-AC3B-38FD35F36560}"
EndProject
Global
	GlobalSection(SolutionConfigurationPlatforms) = preSolution
		Debug|Any CPU = Debug|Any CPU
		Release|Any CPU = Release|Any CPU
	EndGlobalSection
	GlobalSection(ProjectConfigurationPlatforms) = postSolution
		{BF51DDAB-D771-4036-AC3B-38FD35F36560}.Debug|Any CPU.ActiveCfg = Debug|Any CPU
		{BF51DDAB-D771-4036-AC3B-38FD35F36560}.Debug|Any CPU.Build.0 = Debug|Any CPU
		{BF51DDAB-D771-4036-AC3B-38FD35F36560}.Release|Any CPU.ActiveCfg = Release|Any CPU
		{BF51DDAB-D771-4036-AC3B-38FD35F36560}.Release|Any CPU.Build.0 = Release|Any CPU
	EndGlobalSection
	GlobalSection(SolutionProperties) = preSolution
		HideSolutionNode = FALSE
	EndGlobalSection
	GlobalSection(ExtensibilityGlobals) = postSolution
		SolutionGuid = {DE9CDF0F-9940-4839-9296-7A780AE60D7C}
	EndGlobalSection
EndGlobal
